{
  "version": 4,
  "terraform_version": "1.0.7",
  "serial": 246,
  "lineage": "b749bf17-4944-1117-ee12-28392f8f8e37",
  "outputs": {
    "ami": {
      "value": "ami-0d1bf5b68307103c2",
      "type": "string"
    },
    "availibility_zones": {
      "value": "eu-west-1",
      "type": "string"
    },
    "laod_balancer_url": {
      "value": "webAlb-1456444210.eu-west-1.elb.amazonaws.com",
      "type": "string"
    }
  },
  "resources": [
    {
      "mode": "data",
      "type": "aws_ami",
      "name": "amzn2",
      "provider": "provider[\"registry.terraform.io/hashicorp/aws\"]",
      "instances": [
        {
          "schema_version": 0,
          "attributes": {
            "architecture": "x86_64",
            "arn": "arn:aws:ec2:eu-west-1::image/ami-0d1bf5b68307103c2",
            "block_device_mappings": [
              {
                "device_name": "/dev/xvda",
                "ebs": {
                  "delete_on_termination": "true",
                  "encrypted": "false",
                  "iops": "0",
                  "snapshot_id": "snap-0f30d3191c3a2cc58",
                  "throughput": "0",
                  "volume_size": "8",
                  "volume_type": "gp2"
                },
                "no_device": "",
                "virtual_name": ""
              }
            ],
            "creation_date": "2021-08-25T06:57:27.000Z",
            "description": "Amazon Linux 2 AMI 2.0.20210813.1 x86_64 HVM gp2",
            "ena_support": true,
            "executable_users": null,
            "filter": [
              {
                "name": "name",
                "values": [
                  "amzn2-ami-hvm-*-x86_64-gp2"
                ]
              }
            ],
            "hypervisor": "xen",
            "id": "ami-0d1bf5b68307103c2",
            "image_id": "ami-0d1bf5b68307103c2",
            "image_location": "amazon/amzn2-ami-hvm-2.0.20210813.1-x86_64-gp2",
            "image_owner_alias": "amazon",
            "image_type": "machine",
            "kernel_id": null,
            "most_recent": true,
            "name": "amzn2-ami-hvm-2.0.20210813.1-x86_64-gp2",
            "name_regex": null,
            "owner_id": "137112412989",
            "owners": [
              "amazon"
            ],
            "platform": null,
            "platform_details": "Linux/UNIX",
            "product_codes": [],
            "public": true,
            "ramdisk_id": null,
            "root_device_name": "/dev/xvda",
            "root_device_type": "ebs",
            "root_snapshot_id": "snap-0f30d3191c3a2cc58",
            "sriov_net_support": "simple",
            "state": "available",
            "state_reason": {
              "code": "UNSET",
              "message": "UNSET"
            },
            "tags": {},
            "usage_operation": "RunInstances",
            "virtualization_type": "hvm"
          },
          "sensitive_attributes": []
        }
      ]
    },
    {
      "mode": "data",
      "type": "aws_availability_zones",
      "name": "availity_zones",
      "provider": "provider[\"registry.terraform.io/hashicorp/aws\"]",
      "instances": [
        {
          "schema_version": 0,
          "attributes": {
            "all_availability_zones": null,
            "exclude_names": null,
            "exclude_zone_ids": null,
            "filter": null,
            "group_names": [
              "eu-west-1"
            ],
            "id": "eu-west-1",
            "names": [
              "eu-west-1a",
              "eu-west-1b",
              "eu-west-1c"
            ],
            "state": null,
            "zone_ids": [
              "euw1-az2",
              "euw1-az3",
              "euw1-az1"
            ]
          },
          "sensitive_attributes": []
        }
      ]
    },
    {
      "mode": "managed",
      "type": "aws_autoscaling_group",
      "name": "web",
      "provider": "provider[\"registry.terraform.io/hashicorp/aws\"]",
      "instances": [
        {
          "schema_version": 0,
          "attributes": {
            "arn": "arn:aws:autoscaling:eu-west-1:982450031621:autoScalingGroup:6f19e53e-ac41-4534-94ff-97c7d42e68f5:autoScalingGroupName/ASG-mlm-20210927153535188500000001",
            "availability_zones": [
              "eu-west-1a",
              "eu-west-1b"
            ],
            "capacity_rebalance": false,
            "default_cooldown": 300,
            "desired_capacity": 1,
            "enabled_metrics": [],
            "force_delete": false,
            "force_delete_warm_pool": false,
            "health_check_grace_period": 300,
            "health_check_type": "ELB",
            "id": "ASG-mlm-20210927153535188500000001",
            "initial_lifecycle_hook": [],
            "instance_refresh": [],
            "launch_configuration": "",
            "launch_template": [
              {
                "id": "lt-0d09248362c6f8563",
                "name": "mlm-20210927153535188500000001",
                "version": "$Latest"
              }
            ],
            "load_balancers": [],
            "max_instance_lifetime": 0,
            "max_size": 2,
            "metrics_granularity": "1Minute",
            "min_elb_capacity": 1,
            "min_size": 1,
            "mixed_instances_policy": [],
            "name": "ASG-mlm-20210927153535188500000001",
            "name_prefix": "ASG-mlm-",
            "placement_group": "",
            "protect_from_scale_in": false,
            "service_linked_role_arn": "arn:aws:iam::982450031621:role/aws-service-role/autoscaling.amazonaws.com/AWSServiceRoleForAutoScaling",
            "suspended_processes": [],
            "tag": [
              {
                "key": "Name",
                "propagate_at_launch": true,
                "value": "mlm web"
              }
            ],
            "tags": null,
            "target_group_arns": [
              "arn:aws:elasticloadbalancing:eu-west-1:982450031621:targetgroup/tf-example-lb-tg/6528ac8afb33cc48"
            ],
            "termination_policies": [],
            "timeouts": null,
            "vpc_zone_identifier": [
              "subnet-0113fb06dbf9f7cd8",
              "subnet-0923b1af2578e0c19"
            ],
            "wait_for_capacity_timeout": "10m",
            "wait_for_elb_capacity": null,
            "warm_pool": []
          },
          "sensitive_attributes": [],
          "private": "eyJlMmJmYjczMC1lY2FhLTExZTYtOGY4OC0zNDM2M2JjN2M0YzAiOnsiZGVsZXRlIjo2MDAwMDAwMDAwMDB9fQ==",
          "dependencies": [
            "aws_lb_target_group.web",
            "aws_security_group.lb",
            "aws_subnet.public_a",
            "aws_subnet.public_b",
            "aws_vpc.mlm",
            "data.aws_ami.amzn2",
            "data.aws_availability_zones.availity_zones",
            "aws_launch_template.web",
            "aws_lb.web",
            "aws_security_group.web"
          ]
        }
      ]
    },
    {
      "mode": "managed",
      "type": "aws_internet_gateway",
      "name": "web",
      "provider": "provider[\"registry.terraform.io/hashicorp/aws\"]",
      "instances": [
        {
          "schema_version": 0,
          "attributes": {
            "arn": "arn:aws:ec2:eu-west-1:982450031621:internet-gateway/igw-072bf4a6827864f70",
            "id": "igw-072bf4a6827864f70",
            "owner_id": "982450031621",
            "tags": {
              "Name": "main"
            },
            "tags_all": {
              "Name": "main"
            },
            "vpc_id": "vpc-03f2a1c392e4f9d88"
          },
          "sensitive_attributes": [],
          "private": "bnVsbA==",
          "dependencies": [
            "aws_vpc.mlm"
          ]
        }
      ]
    },
    {
      "mode": "managed",
      "type": "aws_launch_template",
      "name": "web",
      "provider": "provider[\"registry.terraform.io/hashicorp/aws\"]",
      "instances": [
        {
          "schema_version": 0,
          "attributes": {
            "arn": "arn:aws:ec2:eu-west-1:982450031621:launch-template/lt-0d09248362c6f8563",
            "block_device_mappings": [],
            "capacity_reservation_specification": [],
            "cpu_options": [],
            "credit_specification": [],
            "default_version": 1,
            "description": "mlm web server",
            "disable_api_termination": false,
            "ebs_optimized": "",
            "elastic_gpu_specifications": [],
            "elastic_inference_accelerator": [],
            "enclave_options": [],
            "hibernation_options": [],
            "iam_instance_profile": [],
            "id": "lt-0d09248362c6f8563",
            "image_id": "ami-0d1bf5b68307103c2",
            "instance_initiated_shutdown_behavior": "terminate",
            "instance_market_options": [],
            "instance_type": "t2.micro",
            "kernel_id": "",
            "key_name": "ireland-KP",
            "latest_version": 2,
            "license_specification": [],
            "metadata_options": [],
            "monitoring": [],
            "name": "mlm-20210927153535188500000001",
            "name_prefix": "mlm-",
            "network_interfaces": [],
            "placement": [],
            "ram_disk_id": "",
            "security_group_names": [],
            "tag_specifications": [
              {
                "resource_type": "instance",
                "tags": {
                  "Name": "test"
                }
              }
            ],
            "tags": {},
            "tags_all": {},
            "update_default_version": null,
            "user_data": "IyEgL2Jpbi9iYXNoCnl1bSAteSB1cGRhdGUKeXVtIC15IGluc3RhbGwgaHR0cGQKbXlpcD1gY3VybCBodHRwOi8vMTY5LjI1NC4xNjkuMjU0L2xhdGVzdC9tZXRhLWRhdGEvbG9jYWwtaXB2NGAKCmNhdCA8PCBFT0YgPiAvdmFyL3d3dy9odG1sL2luZGV4Lmh0bWwKQm9rZXIgdG92IElQICRteWlwCnZlcnNpb24gMwpFT0YKCnN5c3RlbWN0bCBzdGFydCBodHRwZA==",
            "vpc_security_group_ids": [
              "sg-02835a3c82393a726"
            ]
          },
          "sensitive_attributes": [],
          "private": "bnVsbA==",
          "dependencies": [
            "aws_security_group.web",
            "aws_vpc.mlm",
            "data.aws_ami.amzn2"
          ],
          "create_before_destroy": true
        }
      ]
    },
    {
      "mode": "managed",
      "type": "aws_lb",
      "name": "web",
      "provider": "provider[\"registry.terraform.io/hashicorp/aws\"]",
      "instances": [
        {
          "schema_version": 0,
          "attributes": {
            "access_logs": [
              {
                "bucket": "",
                "enabled": false,
                "prefix": ""
              }
            ],
            "arn": "arn:aws:elasticloadbalancing:eu-west-1:982450031621:loadbalancer/app/webAlb/146a8991b9cc582d",
            "arn_suffix": "app/webAlb/146a8991b9cc582d",
            "customer_owned_ipv4_pool": "",
            "dns_name": "webAlb-1456444210.eu-west-1.elb.amazonaws.com",
            "drop_invalid_header_fields": false,
            "enable_cross_zone_load_balancing": null,
            "enable_deletion_protection": false,
            "enable_http2": true,
            "id": "arn:aws:elasticloadbalancing:eu-west-1:982450031621:loadbalancer/app/webAlb/146a8991b9cc582d",
            "idle_timeout": 60,
            "internal": false,
            "ip_address_type": "ipv4",
            "load_balancer_type": "application",
            "name": "webAlb",
            "name_prefix": null,
            "security_groups": [
              "sg-01efe0b6c27204eeb"
            ],
            "subnet_mapping": [
              {
                "allocation_id": "",
                "ipv6_address": "",
                "outpost_id": "",
                "private_ipv4_address": "",
                "subnet_id": "subnet-0113fb06dbf9f7cd8"
              },
              {
                "allocation_id": "",
                "ipv6_address": "",
                "outpost_id": "",
                "private_ipv4_address": "",
                "subnet_id": "subnet-0923b1af2578e0c19"
              }
            ],
            "subnets": [
              "subnet-0113fb06dbf9f7cd8",
              "subnet-0923b1af2578e0c19"
            ],
            "tags": {
              "Environment": "production",
              "Name": "mlm web",
              "Owner": "Roman"
            },
            "tags_all": {
              "Environment": "production",
              "Name": "mlm web",
              "Owner": "Roman"
            },
            "timeouts": null,
            "vpc_id": "vpc-03f2a1c392e4f9d88",
            "zone_id": "Z32O12XQLNTSW2"
          },
          "sensitive_attributes": [],
          "private": "eyJlMmJmYjczMC1lY2FhLTExZTYtOGY4OC0zNDM2M2JjN2M0YzAiOnsiY3JlYXRlIjo2MDAwMDAwMDAwMDAsImRlbGV0ZSI6NjAwMDAwMDAwMDAwLCJ1cGRhdGUiOjYwMDAwMDAwMDAwMH19",
          "dependencies": [
            "aws_subnet.public_a",
            "aws_subnet.public_b",
            "aws_vpc.mlm",
            "data.aws_availability_zones.availity_zones",
            "aws_security_group.lb"
          ]
        }
      ]
    },
    {
      "mode": "managed",
      "type": "aws_lb_listener",
      "name": "web",
      "provider": "provider[\"registry.terraform.io/hashicorp/aws\"]",
      "instances": [
        {
          "schema_version": 0,
          "attributes": {
            "alpn_policy": null,
            "arn": "arn:aws:elasticloadbalancing:eu-west-1:982450031621:listener/app/webAlb/146a8991b9cc582d/6104cf2d974d20c4",
            "certificate_arn": null,
            "default_action": [
              {
                "authenticate_cognito": [],
                "authenticate_oidc": [],
                "fixed_response": [],
                "forward": [],
                "order": 1,
                "redirect": [],
                "target_group_arn": "arn:aws:elasticloadbalancing:eu-west-1:982450031621:targetgroup/tf-example-lb-tg/6528ac8afb33cc48",
                "type": "forward"
              }
            ],
            "id": "arn:aws:elasticloadbalancing:eu-west-1:982450031621:listener/app/webAlb/146a8991b9cc582d/6104cf2d974d20c4",
            "load_balancer_arn": "arn:aws:elasticloadbalancing:eu-west-1:982450031621:loadbalancer/app/webAlb/146a8991b9cc582d",
            "port": 80,
            "protocol": "HTTP",
            "ssl_policy": "",
            "tags": {},
            "tags_all": {},
            "timeouts": null
          },
          "sensitive_attributes": [],
          "private": "eyJlMmJmYjczMC1lY2FhLTExZTYtOGY4OC0zNDM2M2JjN2M0YzAiOnsicmVhZCI6NjAwMDAwMDAwMDAwfX0=",
          "dependencies": [
            "aws_subnet.public_b",
            "aws_vpc.mlm",
            "data.aws_availability_zones.availity_zones",
            "aws_lb.web",
            "aws_lb_target_group.web",
            "aws_security_group.lb",
            "aws_subnet.public_a"
          ]
        }
      ]
    },
    {
      "mode": "managed",
      "type": "aws_lb_target_group",
      "name": "web",
      "provider": "provider[\"registry.terraform.io/hashicorp/aws\"]",
      "instances": [
        {
          "schema_version": 0,
          "attributes": {
            "arn": "arn:aws:elasticloadbalancing:eu-west-1:982450031621:targetgroup/tf-example-lb-tg/6528ac8afb33cc48",
            "arn_suffix": "targetgroup/tf-example-lb-tg/6528ac8afb33cc48",
            "deregistration_delay": 300,
            "health_check": [
              {
                "enabled": true,
                "healthy_threshold": 5,
                "interval": 30,
                "matcher": "200",
                "path": "/",
                "port": "traffic-port",
                "protocol": "HTTP",
                "timeout": 5,
                "unhealthy_threshold": 2
              }
            ],
            "id": "arn:aws:elasticloadbalancing:eu-west-1:982450031621:targetgroup/tf-example-lb-tg/6528ac8afb33cc48",
            "lambda_multi_value_headers_enabled": false,
            "load_balancing_algorithm_type": "round_robin",
            "name": "tf-example-lb-tg",
            "name_prefix": null,
            "port": 80,
            "preserve_client_ip": null,
            "protocol": "HTTP",
            "protocol_version": "HTTP1",
            "proxy_protocol_v2": false,
            "slow_start": 0,
            "stickiness": [
              {
                "cookie_duration": 86400,
                "cookie_name": "",
                "enabled": false,
                "type": "lb_cookie"
              }
            ],
            "tags": {},
            "tags_all": {},
            "target_type": "instance",
            "vpc_id": "vpc-03f2a1c392e4f9d88"
          },
          "sensitive_attributes": [],
          "private": "bnVsbA==",
          "dependencies": [
            "aws_vpc.mlm"
          ]
        }
      ]
    },
    {
      "mode": "managed",
      "type": "aws_route_table",
      "name": "web",
      "provider": "provider[\"registry.terraform.io/hashicorp/aws\"]",
      "instances": [
        {
          "schema_version": 0,
          "attributes": {
            "arn": "arn:aws:ec2:eu-west-1:982450031621:route-table/rtb-069c9d4e9e97d347b",
            "id": "rtb-069c9d4e9e97d347b",
            "owner_id": "982450031621",
            "propagating_vgws": [],
            "route": [
              {
                "carrier_gateway_id": "",
                "cidr_block": "0.0.0.0/0",
                "destination_prefix_list_id": "",
                "egress_only_gateway_id": "",
                "gateway_id": "igw-072bf4a6827864f70",
                "instance_id": "",
                "ipv6_cidr_block": "",
                "local_gateway_id": "",
                "nat_gateway_id": "",
                "network_interface_id": "",
                "transit_gateway_id": "",
                "vpc_endpoint_id": "",
                "vpc_peering_connection_id": ""
              }
            ],
            "tags": {
              "Name": "mlm"
            },
            "tags_all": {
              "Name": "mlm"
            },
            "vpc_id": "vpc-03f2a1c392e4f9d88"
          },
          "sensitive_attributes": [],
          "private": "bnVsbA==",
          "dependencies": [
            "aws_internet_gateway.web",
            "aws_vpc.mlm"
          ]
        }
      ]
    },
    {
      "mode": "managed",
      "type": "aws_security_group",
      "name": "lb",
      "provider": "provider[\"registry.terraform.io/hashicorp/aws\"]",
      "instances": [
        {
          "schema_version": 1,
          "attributes": {
            "arn": "arn:aws:ec2:eu-west-1:982450031621:security-group/sg-01efe0b6c27204eeb",
            "description": "Load balancer traffic",
            "egress": [
              {
                "cidr_blocks": [
                  "0.0.0.0/0"
                ],
                "description": "output all",
                "from_port": 0,
                "ipv6_cidr_blocks": [
                  "::/0"
                ],
                "prefix_list_ids": [],
                "protocol": "-1",
                "security_groups": [],
                "self": false,
                "to_port": 0
              }
            ],
            "id": "sg-01efe0b6c27204eeb",
            "ingress": [
              {
                "cidr_blocks": [
                  "0.0.0.0/0"
                ],
                "description": "security group 80",
                "from_port": 80,
                "ipv6_cidr_blocks": [],
                "prefix_list_ids": [],
                "protocol": "tcp",
                "security_groups": [],
                "self": false,
                "to_port": 80
              }
            ],
            "name": "lb",
            "name_prefix": "",
            "owner_id": "982450031621",
            "revoke_rules_on_delete": false,
            "tags": {
              "Name": "mlm - lb",
              "Owner": "Roman"
            },
            "tags_all": {
              "Name": "mlm - lb",
              "Owner": "Roman"
            },
            "timeouts": null,
            "vpc_id": "vpc-03f2a1c392e4f9d88"
          },
          "sensitive_attributes": [],
          "private": "eyJlMmJmYjczMC1lY2FhLTExZTYtOGY4OC0zNDM2M2JjN2M0YzAiOnsiY3JlYXRlIjo2MDAwMDAwMDAwMDAsImRlbGV0ZSI6OTAwMDAwMDAwMDAwfSwic2NoZW1hX3ZlcnNpb24iOiIxIn0=",
          "dependencies": [
            "aws_vpc.mlm"
          ]
        }
      ]
    },
    {
      "mode": "managed",
      "type": "aws_security_group",
      "name": "web",
      "provider": "provider[\"registry.terraform.io/hashicorp/aws\"]",
      "instances": [
        {
          "schema_version": 1,
          "attributes": {
            "arn": "arn:aws:ec2:eu-west-1:982450031621:security-group/sg-02835a3c82393a726",
            "description": "Allow connect inbound traffic",
            "egress": [
              {
                "cidr_blocks": [
                  "0.0.0.0/0"
                ],
                "description": "output all",
                "from_port": 0,
                "ipv6_cidr_blocks": [
                  "::/0"
                ],
                "prefix_list_ids": [],
                "protocol": "-1",
                "security_groups": [],
                "self": false,
                "to_port": 0
              }
            ],
            "id": "sg-02835a3c82393a726",
            "ingress": [
              {
                "cidr_blocks": [
                  "0.0.0.0/0"
                ],
                "description": "security group 22",
                "from_port": 22,
                "ipv6_cidr_blocks": [],
                "prefix_list_ids": [],
                "protocol": "tcp",
                "security_groups": [],
                "self": false,
                "to_port": 22
              },
              {
                "cidr_blocks": [
                  "0.0.0.0/0"
                ],
                "description": "security group 443",
                "from_port": 443,
                "ipv6_cidr_blocks": [],
                "prefix_list_ids": [],
                "protocol": "tcp",
                "security_groups": [],
                "self": false,
                "to_port": 443
              },
              {
                "cidr_blocks": [
                  "0.0.0.0/0"
                ],
                "description": "security group 80",
                "from_port": 80,
                "ipv6_cidr_blocks": [],
                "prefix_list_ids": [],
                "protocol": "tcp",
                "security_groups": [],
                "self": false,
                "to_port": 80
              }
            ],
            "name": "web_server",
            "name_prefix": "",
            "owner_id": "982450031621",
            "revoke_rules_on_delete": false,
            "tags": {
              "Name": "mlm - http, https, ssh"
            },
            "tags_all": {
              "Name": "mlm - http, https, ssh"
            },
            "timeouts": null,
            "vpc_id": "vpc-03f2a1c392e4f9d88"
          },
          "sensitive_attributes": [],
          "private": "eyJlMmJmYjczMC1lY2FhLTExZTYtOGY4OC0zNDM2M2JjN2M0YzAiOnsiY3JlYXRlIjo2MDAwMDAwMDAwMDAsImRlbGV0ZSI6OTAwMDAwMDAwMDAwfSwic2NoZW1hX3ZlcnNpb24iOiIxIn0=",
          "dependencies": [
            "aws_vpc.mlm"
          ],
          "create_before_destroy": true
        }
      ]
    },
    {
      "mode": "managed",
      "type": "aws_subnet",
      "name": "db_a",
      "provider": "provider[\"registry.terraform.io/hashicorp/aws\"]",
      "instances": [
        {
          "schema_version": 1,
          "attributes": {
            "arn": "arn:aws:ec2:eu-west-1:982450031621:subnet/subnet-0da6bd5921d27af1c",
            "assign_ipv6_address_on_creation": false,
            "availability_zone": "eu-west-1a",
            "availability_zone_id": "euw1-az2",
            "cidr_block": "10.0.64.0/20",
            "customer_owned_ipv4_pool": "",
            "id": "subnet-0da6bd5921d27af1c",
            "ipv6_cidr_block": "",
            "ipv6_cidr_block_association_id": "",
            "map_customer_owned_ip_on_launch": false,
            "map_public_ip_on_launch": false,
            "outpost_arn": "",
            "owner_id": "982450031621",
            "tags": {
              "Name": "mlm-db_a"
            },
            "tags_all": {
              "Name": "mlm-db_a"
            },
            "timeouts": null,
            "vpc_id": "vpc-03f2a1c392e4f9d88"
          },
          "sensitive_attributes": [],
          "private": "eyJlMmJmYjczMC1lY2FhLTExZTYtOGY4OC0zNDM2M2JjN2M0YzAiOnsiY3JlYXRlIjo2MDAwMDAwMDAwMDAsImRlbGV0ZSI6MTIwMDAwMDAwMDAwMH0sInNjaGVtYV92ZXJzaW9uIjoiMSJ9",
          "dependencies": [
            "aws_vpc.mlm",
            "data.aws_availability_zones.availity_zones"
          ]
        }
      ]
    },
    {
      "mode": "managed",
      "type": "aws_subnet",
      "name": "db_b",
      "provider": "provider[\"registry.terraform.io/hashicorp/aws\"]",
      "instances": [
        {
          "schema_version": 1,
          "attributes": {
            "arn": "arn:aws:ec2:eu-west-1:982450031621:subnet/subnet-0862dee36e24fd0c9",
            "assign_ipv6_address_on_creation": false,
            "availability_zone": "eu-west-1b",
            "availability_zone_id": "euw1-az3",
            "cidr_block": "10.0.192.0/20",
            "customer_owned_ipv4_pool": "",
            "id": "subnet-0862dee36e24fd0c9",
            "ipv6_cidr_block": "",
            "ipv6_cidr_block_association_id": "",
            "map_customer_owned_ip_on_launch": false,
            "map_public_ip_on_launch": false,
            "outpost_arn": "",
            "owner_id": "982450031621",
            "tags": {
              "Name": "mlm-db_b"
            },
            "tags_all": {
              "Name": "mlm-db_b"
            },
            "timeouts": null,
            "vpc_id": "vpc-03f2a1c392e4f9d88"
          },
          "sensitive_attributes": [],
          "private": "eyJlMmJmYjczMC1lY2FhLTExZTYtOGY4OC0zNDM2M2JjN2M0YzAiOnsiY3JlYXRlIjo2MDAwMDAwMDAwMDAsImRlbGV0ZSI6MTIwMDAwMDAwMDAwMH0sInNjaGVtYV92ZXJzaW9uIjoiMSJ9",
          "dependencies": [
            "aws_vpc.mlm",
            "data.aws_availability_zones.availity_zones"
          ]
        }
      ]
    },
    {
      "mode": "managed",
      "type": "aws_subnet",
      "name": "private_a",
      "provider": "provider[\"registry.terraform.io/hashicorp/aws\"]",
      "instances": [
        {
          "schema_version": 1,
          "attributes": {
            "arn": "arn:aws:ec2:eu-west-1:982450031621:subnet/subnet-07fb4fbea7b1acf6f",
            "assign_ipv6_address_on_creation": false,
            "availability_zone": "eu-west-1a",
            "availability_zone_id": "euw1-az2",
            "cidr_block": "10.0.32.0/20",
            "customer_owned_ipv4_pool": "",
            "id": "subnet-07fb4fbea7b1acf6f",
            "ipv6_cidr_block": "",
            "ipv6_cidr_block_association_id": "",
            "map_customer_owned_ip_on_launch": false,
            "map_public_ip_on_launch": false,
            "outpost_arn": "",
            "owner_id": "982450031621",
            "tags": {
              "Name": "mlm-private_a"
            },
            "tags_all": {
              "Name": "mlm-private_a"
            },
            "timeouts": null,
            "vpc_id": "vpc-03f2a1c392e4f9d88"
          },
          "sensitive_attributes": [],
          "private": "eyJlMmJmYjczMC1lY2FhLTExZTYtOGY4OC0zNDM2M2JjN2M0YzAiOnsiY3JlYXRlIjo2MDAwMDAwMDAwMDAsImRlbGV0ZSI6MTIwMDAwMDAwMDAwMH0sInNjaGVtYV92ZXJzaW9uIjoiMSJ9",
          "dependencies": [
            "aws_vpc.mlm",
            "data.aws_availability_zones.availity_zones"
          ]
        }
      ]
    },
    {
      "mode": "managed",
      "type": "aws_subnet",
      "name": "private_b",
      "provider": "provider[\"registry.terraform.io/hashicorp/aws\"]",
      "instances": [
        {
          "schema_version": 1,
          "attributes": {
            "arn": "arn:aws:ec2:eu-west-1:982450031621:subnet/subnet-018987df065e63634",
            "assign_ipv6_address_on_creation": false,
            "availability_zone": "eu-west-1b",
            "availability_zone_id": "euw1-az3",
            "cidr_block": "10.0.160.0/20",
            "customer_owned_ipv4_pool": "",
            "id": "subnet-018987df065e63634",
            "ipv6_cidr_block": "",
            "ipv6_cidr_block_association_id": "",
            "map_customer_owned_ip_on_launch": false,
            "map_public_ip_on_launch": false,
            "outpost_arn": "",
            "owner_id": "982450031621",
            "tags": {
              "Name": "mlm-private_b"
            },
            "tags_all": {
              "Name": "mlm-private_b"
            },
            "timeouts": null,
            "vpc_id": "vpc-03f2a1c392e4f9d88"
          },
          "sensitive_attributes": [],
          "private": "eyJlMmJmYjczMC1lY2FhLTExZTYtOGY4OC0zNDM2M2JjN2M0YzAiOnsiY3JlYXRlIjo2MDAwMDAwMDAwMDAsImRlbGV0ZSI6MTIwMDAwMDAwMDAwMH0sInNjaGVtYV92ZXJzaW9uIjoiMSJ9",
          "dependencies": [
            "aws_vpc.mlm",
            "data.aws_availability_zones.availity_zones"
          ]
        }
      ]
    },
    {
      "mode": "managed",
      "type": "aws_subnet",
      "name": "public_a",
      "provider": "provider[\"registry.terraform.io/hashicorp/aws\"]",
      "instances": [
        {
          "schema_version": 1,
          "attributes": {
            "arn": "arn:aws:ec2:eu-west-1:982450031621:subnet/subnet-0923b1af2578e0c19",
            "assign_ipv6_address_on_creation": false,
            "availability_zone": "eu-west-1a",
            "availability_zone_id": "euw1-az2",
            "cidr_block": "10.0.16.0/20",
            "customer_owned_ipv4_pool": "",
            "id": "subnet-0923b1af2578e0c19",
            "ipv6_cidr_block": "",
            "ipv6_cidr_block_association_id": "",
            "map_customer_owned_ip_on_launch": false,
            "map_public_ip_on_launch": true,
            "outpost_arn": "",
            "owner_id": "982450031621",
            "tags": {
              "Name": "mlm-public_a"
            },
            "tags_all": {
              "Name": "mlm-public_a"
            },
            "timeouts": null,
            "vpc_id": "vpc-03f2a1c392e4f9d88"
          },
          "sensitive_attributes": [],
          "private": "eyJlMmJmYjczMC1lY2FhLTExZTYtOGY4OC0zNDM2M2JjN2M0YzAiOnsiY3JlYXRlIjo2MDAwMDAwMDAwMDAsImRlbGV0ZSI6MTIwMDAwMDAwMDAwMH0sInNjaGVtYV92ZXJzaW9uIjoiMSJ9",
          "dependencies": [
            "aws_vpc.mlm",
            "data.aws_availability_zones.availity_zones"
          ]
        }
      ]
    },
    {
      "mode": "managed",
      "type": "aws_subnet",
      "name": "public_b",
      "provider": "provider[\"registry.terraform.io/hashicorp/aws\"]",
      "instances": [
        {
          "schema_version": 1,
          "attributes": {
            "arn": "arn:aws:ec2:eu-west-1:982450031621:subnet/subnet-0113fb06dbf9f7cd8",
            "assign_ipv6_address_on_creation": false,
            "availability_zone": "eu-west-1b",
            "availability_zone_id": "euw1-az3",
            "cidr_block": "10.0.144.0/20",
            "customer_owned_ipv4_pool": "",
            "id": "subnet-0113fb06dbf9f7cd8",
            "ipv6_cidr_block": "",
            "ipv6_cidr_block_association_id": "",
            "map_customer_owned_ip_on_launch": false,
            "map_public_ip_on_launch": true,
            "outpost_arn": "",
            "owner_id": "982450031621",
            "tags": {
              "Name": "mlm-public_b"
            },
            "tags_all": {
              "Name": "mlm-public_b"
            },
            "timeouts": null,
            "vpc_id": "vpc-03f2a1c392e4f9d88"
          },
          "sensitive_attributes": [],
          "private": "eyJlMmJmYjczMC1lY2FhLTExZTYtOGY4OC0zNDM2M2JjN2M0YzAiOnsiY3JlYXRlIjo2MDAwMDAwMDAwMDAsImRlbGV0ZSI6MTIwMDAwMDAwMDAwMH0sInNjaGVtYV92ZXJzaW9uIjoiMSJ9",
          "dependencies": [
            "aws_vpc.mlm",
            "data.aws_availability_zones.availity_zones"
          ]
        }
      ]
    },
    {
      "mode": "managed",
      "type": "aws_vpc",
      "name": "mlm",
      "provider": "provider[\"registry.terraform.io/hashicorp/aws\"]",
      "instances": [
        {
          "schema_version": 1,
          "attributes": {
            "arn": "arn:aws:ec2:eu-west-1:982450031621:vpc/vpc-03f2a1c392e4f9d88",
            "assign_generated_ipv6_cidr_block": false,
            "cidr_block": "10.0.0.0/16",
            "default_network_acl_id": "acl-0ae71e288b36323cb",
            "default_route_table_id": "rtb-069c9d4e9e97d347b",
            "default_security_group_id": "sg-023902ef9c1e927e1",
            "dhcp_options_id": "dopt-d3dac5b5",
            "enable_classiclink": false,
            "enable_classiclink_dns_support": false,
            "enable_dns_hostnames": false,
            "enable_dns_support": true,
            "id": "vpc-03f2a1c392e4f9d88",
            "instance_tenancy": "default",
            "ipv6_association_id": "",
            "ipv6_cidr_block": "",
            "main_route_table_id": "rtb-069c9d4e9e97d347b",
            "owner_id": "982450031621",
            "tags": {
              "Name": "mlm"
            },
            "tags_all": {
              "Name": "mlm"
            }
          },
          "sensitive_attributes": [],
          "private": "eyJzY2hlbWFfdmVyc2lvbiI6IjEifQ==",
          "create_before_destroy": true
        }
      ]
    }
  ]
}
